
Microsoft Visual Studio Solution File, Format Version 12.00
# Visual Studio Version 17
VisualStudioVersion = 17.0.31919.166
MinimumVisualStudioVersion = 10.0.40219.1
Project("{9A19103F-16F7-4668-BE54-9A1E7A4F7556}") = "BetterHaveIt", "BetterHaveIt\BetterHaveIt.csproj", "{C5915D21-07EB-4694-AEC3-2C7172757464}"
EndProject
Project("{FAE04EC0-301F-11D3-BF4B-00C04F79EFBC}") = "Test", "Test\Test.csproj", "{9BEA13B8-94B9-4C8E-BCDE-A04659B87632}"
EndProject
Global
	GlobalSection(SolutionConfigurationPlatforms) = preSolution
		Debug|Any CPU = Debug|Any CPU
		Release|Any CPU = Release|Any CPU
	EndGlobalSection
	GlobalSection(ProjectConfigurationPlatforms) = postSolution
		{C5915D21-07EB-4694-AEC3-2C7172757464}.Debug|Any CPU.ActiveCfg = Debug|Any CPU
		{C5915D21-07EB-4694-AEC3-2C7172757464}.Debug|Any CPU.Build.0 = Debug|Any CPU
		{C5915D21-07EB-4694-AEC3-2C7172757464}.Release|Any CPU.ActiveCfg = Release|Any CPU
		{C5915D21-07EB-4694-AEC3-2C7172757464}.Release|Any CPU.Build.0 = Release|Any CPU
		{9BEA13B8-94B9-4C8E-BCDE-A04659B87632}.Debug|Any CPU.ActiveCfg = Debug|Any CPU
		{9BEA13B8-94B9-4C8E-BCDE-A04659B87632}.Debug|Any CPU.Build.0 = Debug|Any CPU
		{9BEA13B8-94B9-4C8E-BCDE-A04659B87632}.Release|Any CPU.ActiveCfg = Release|Any CPU
		{9BEA13B8-94B9-4C8E-BCDE-A04659B87632}.Release|Any CPU.Build.0 = Release|Any CPU
	EndGlobalSection
	GlobalSection(SolutionProperties) = preSolution
		HideSolutionNode = FALSE
	EndGlobalSection
	GlobalSection(ExtensibilityGlobals) = postSolution
		SolutionGuid = {0CA7935C-8440-4352-B59A-C2A1E212FCAC}
	EndGlobalSection
EndGlobal
